
Microsoft Visual Studio Solution File, Format Version 12.00
# Visual Studio 2012
Project("{FAE04EC0-301F-11D3-BF4B-00C04F79EFBC}") = "ExcludeMeCopy", "ExcludeMeCopy\ExcludeMeCopy.csproj", "{93322812-1134-427C-8173-C8881F948669}"
EndProject
Project("{2150E333-8FDC-42A3-9474-1A3956D46DE8}") = "Extras", "Extras", "{A0CC67DE-A3F4-406D-B29D-7D0EC403E1EE}"
	ProjectSection(SolutionItems) = preProject
		graphics\Logo.png = graphics\Logo.png
		..\..\..\..\..\Projects\ExcludeMeCopy\ExcludeMeCopy\bin\Release\makeexe.bat = ..\..\..\..\..\Projects\ExcludeMeCopy\ExcludeMeCopy\bin\Release\makeexe.bat
		README.md = README.md
	EndProjectSection
EndProject
Global
	GlobalSection(SolutionConfigurationPlatforms) = preSolution
		Debug|Any CPU = Debug|Any CPU
		Release|Any CPU = Release|Any CPU
	EndGlobalSection
	GlobalSection(ProjectConfigurationPlatforms) = postSolution
		{93322812-1134-427C-8173-C8881F948669}.Debug|Any CPU.ActiveCfg = Debug|Any CPU
		{93322812-1134-427C-8173-C8881F948669}.Debug|Any CPU.Build.0 = Debug|Any CPU
		{93322812-1134-427C-8173-C8881F948669}.Release|Any CPU.ActiveCfg = Release|Any CPU
		{93322812-1134-427C-8173-C8881F948669}.Release|Any CPU.Build.0 = Release|Any CPU
	EndGlobalSection
	GlobalSection(SolutionProperties) = preSolution
		HideSolutionNode = FALSE
	EndGlobalSection
EndGlobal
